
Microsoft Visual Studio Solution File, Format Version 12.00
# Visual Studio Version 16
VisualStudioVersion = 16.0.31424.327
MinimumVisualStudioVersion = 10.0.40219.1
Project("{FAE04EC0-301F-11D3-BF4B-00C04F79EFBC}") = "ParserMasterFunction", "ParserMasterFunction\ParserMasterFunction.csproj", "{EB21D2C9-9FBB-4194-825F-FF9E7BC4D44C}"
EndProject
Project("{FAE04EC0-301F-11D3-BF4B-00C04F79EFBC}") = "TestTitleCrawlerClient", "TestTitleCrawlerClient\TestTitleCrawlerClient.csproj", "{8FAB5238-875A-4FEB-B73B-9B3A1C11472F}"
EndProject
Global
	GlobalSection(SolutionConfigurationPlatforms) = preSolution
		Debug|Any CPU = Debug|Any CPU
		Release|Any CPU = Release|Any CPU
	EndGlobalSection
	GlobalSection(ProjectConfigurationPlatforms) = postSolution
		{EB21D2C9-9FBB-4194-825F-FF9E7BC4D44C}.Debug|Any CPU.ActiveCfg = Debug|Any CPU
		{EB21D2C9-9FBB-4194-825F-FF9E7BC4D44C}.Debug|Any CPU.Build.0 = Debug|Any CPU
		{EB21D2C9-9FBB-4194-825F-FF9E7BC4D44C}.Release|Any CPU.ActiveCfg = Release|Any CPU
		{EB21D2C9-9FBB-4194-825F-FF9E7BC4D44C}.Release|Any CPU.Build.0 = Release|Any CPU
		{8FAB5238-875A-4FEB-B73B-9B3A1C11472F}.Debug|Any CPU.ActiveCfg = Debug|Any CPU
		{8FAB5238-875A-4FEB-B73B-9B3A1C11472F}.Debug|Any CPU.Build.0 = Debug|Any CPU
		{8FAB5238-875A-4FEB-B73B-9B3A1C11472F}.Release|Any CPU.ActiveCfg = Release|Any CPU
		{8FAB5238-875A-4FEB-B73B-9B3A1C11472F}.Release|Any CPU.Build.0 = Release|Any CPU
	EndGlobalSection
	GlobalSection(SolutionProperties) = preSolution
		HideSolutionNode = FALSE
	EndGlobalSection
	GlobalSection(ExtensibilityGlobals) = postSolution
		SolutionGuid = {496616FA-8497-4778-8C24-C77D28EB1293}
	EndGlobalSection
EndGlobal
